
Microsoft Visual Studio Solution File, Format Version 12.00
# Visual Studio 15
VisualStudioVersion = 15.0.26730.3
MinimumVisualStudioVersion = 10.0.40219.1
Project("{FAE04EC0-301F-11D3-BF4B-00C04F79EFBC}") = "PasswordPredictor", "PasswordPredictor\PasswordPredictor.csproj", "{71D1E858-02A3-424A-AC9F-4546D4117491}"
EndProject
Project("{FAE04EC0-301F-11D3-BF4B-00C04F79EFBC}") = "GenesisPredictor", "GenesisPredictor\GenesisPredictor.csproj", "{3E9FF02B-2849-4547-A05A-6B7CA44BA0B7}"
EndProject
Global
	GlobalSection(SolutionConfigurationPlatforms) = preSolution
		Debug|Any CPU = Debug|Any CPU
		Release|Any CPU = Release|Any CPU
	EndGlobalSection
	GlobalSection(ProjectConfigurationPlatforms) = postSolution
		{71D1E858-02A3-424A-AC9F-4546D4117491}.Debug|Any CPU.ActiveCfg = Debug|Any CPU
		{71D1E858-02A3-424A-AC9F-4546D4117491}.Debug|Any CPU.Build.0 = Debug|Any CPU
		{71D1E858-02A3-424A-AC9F-4546D4117491}.Release|Any CPU.ActiveCfg = Release|Any CPU
		{71D1E858-02A3-424A-AC9F-4546D4117491}.Release|Any CPU.Build.0 = Release|Any CPU
		{3E9FF02B-2849-4547-A05A-6B7CA44BA0B7}.Debug|Any CPU.ActiveCfg = Debug|Any CPU
		{3E9FF02B-2849-4547-A05A-6B7CA44BA0B7}.Debug|Any CPU.Build.0 = Debug|Any CPU
		{3E9FF02B-2849-4547-A05A-6B7CA44BA0B7}.Release|Any CPU.ActiveCfg = Release|Any CPU
		{3E9FF02B-2849-4547-A05A-6B7CA44BA0B7}.Release|Any CPU.Build.0 = Release|Any CPU
	EndGlobalSection
	GlobalSection(SolutionProperties) = preSolution
		HideSolutionNode = FALSE
	EndGlobalSection
	GlobalSection(ExtensibilityGlobals) = postSolution
		SolutionGuid = {D23C017D-0B41-46CC-A769-2439379DB089}
	EndGlobalSection
EndGlobal
